
Microsoft Visual Studio Solution File, Format Version 12.00
# Visual Studio Version 16
VisualStudioVersion = 16.0.28922.388
MinimumVisualStudioVersion = 10.0.40219.1
Project("{FAE04EC0-301F-11D3-BF4B-00C04F79EFBC}") = "Regression", "TestProject\Regression.csproj", "{7540BAD7-B5C0-4804-ACF9-42177DEC1644}"
EndProject
Project("{FAE04EC0-301F-11D3-BF4B-00C04F79EFBC}") = "Business", "Business\Business.csproj", "{3AC742F5-D5EC-4B2A-944E-7663E43FA8C0}"
EndProject
Project("{FAE04EC0-301F-11D3-BF4B-00C04F79EFBC}") = "Model", "Model\Model.csproj", "{C0A20FEA-9511-4F5B-9270-94E42B924862}"
EndProject
Global
	GlobalSection(SolutionConfigurationPlatforms) = preSolution
		Debug|Any CPU = Debug|Any CPU
		Release|Any CPU = Release|Any CPU
	EndGlobalSection
	GlobalSection(ProjectConfigurationPlatforms) = postSolution
		{7540BAD7-B5C0-4804-ACF9-42177DEC1644}.Debug|Any CPU.ActiveCfg = Debug|Any CPU
		{7540BAD7-B5C0-4804-ACF9-42177DEC1644}.Debug|Any CPU.Build.0 = Debug|Any CPU
		{7540BAD7-B5C0-4804-ACF9-42177DEC1644}.Release|Any CPU.ActiveCfg = Release|Any CPU
		{7540BAD7-B5C0-4804-ACF9-42177DEC1644}.Release|Any CPU.Build.0 = Release|Any CPU
		{3AC742F5-D5EC-4B2A-944E-7663E43FA8C0}.Debug|Any CPU.ActiveCfg = Debug|Any CPU
		{3AC742F5-D5EC-4B2A-944E-7663E43FA8C0}.Debug|Any CPU.Build.0 = Debug|Any CPU
		{3AC742F5-D5EC-4B2A-944E-7663E43FA8C0}.Release|Any CPU.ActiveCfg = Release|Any CPU
		{3AC742F5-D5EC-4B2A-944E-7663E43FA8C0}.Release|Any CPU.Build.0 = Release|Any CPU
		{C0A20FEA-9511-4F5B-9270-94E42B924862}.Debug|Any CPU.ActiveCfg = Debug|Any CPU
		{C0A20FEA-9511-4F5B-9270-94E42B924862}.Debug|Any CPU.Build.0 = Debug|Any CPU
		{C0A20FEA-9511-4F5B-9270-94E42B924862}.Release|Any CPU.ActiveCfg = Release|Any CPU
		{C0A20FEA-9511-4F5B-9270-94E42B924862}.Release|Any CPU.Build.0 = Release|Any CPU
	EndGlobalSection
	GlobalSection(SolutionProperties) = preSolution
		HideSolutionNode = FALSE
	EndGlobalSection
	GlobalSection(ExtensibilityGlobals) = postSolution
		SolutionGuid = {D658FC20-675B-4FB3-8DC7-C1297E022C9F}
	EndGlobalSection
EndGlobal
